PODS:
  - JHGrandPopupView (1.5.0)
  - SnapKit (5.0.1)

DEPENDENCIES:
  - JHGrandPopupView (from `../`)
  - SnapKit (~> 5.0.0)

SPEC REPOS:
  https://github.com/CocoaPods/Specs.git:
    - SnapKit

EXTERNAL SOURCES:
  JHGrandPopupView:
    :path: "../"

SPEC CHECKSUMS:
  JHGrandPopupView: ba0aa39cbf0ad279270a89fe78193c3dba5cc98c
  SnapKit: 97b92857e3df3a0c71833cce143274bf6ef8e5eb

PODFILE CHECKSUM: 9a2fb87124cde4116fa142f7203342ed627e36e7

COCOAPODS: 1.16.2
